
Microsoft Visual Studio Solution File, Format Version 12.00
# Visual Studio Version 17
VisualStudioVersion = 17.5.33414.496
MinimumVisualStudioVersion = 10.0.40219.1
Project("{9A19103F-16F7-4668-BE54-9A1E7A4F7556}") = "EUDBLD_HFT_2023241.Client", "EUDBLD_HFT_2023241.Client\EUDBLD_HFT_2023241.Client.csproj", "{ABF08B65-BA9F-4F77-BFF8-7BE302A78B65}"
EndProject
Project("{9A19103F-16F7-4668-BE54-9A1E7A4F7556}") = "EUDBLD_HFT_2023241.Models", "EUDBLD_HFT_2023241.Models\EUDBLD_HFT_2023241.Models.csproj", "{03EA3795-3AAA-4F74-8A08-55378481DBFE}"
EndProject
Project("{9A19103F-16F7-4668-BE54-9A1E7A4F7556}") = "EUDBLD_HFT_2023241.Logic", "EUDBLD_HFT_2023241.Logic\EUDBLD_HFT_2023241.Logic.csproj", "{99A2AEF2-299F-48C5-B93F-DBEE82466744}"
EndProject
Project("{9A19103F-16F7-4668-BE54-9A1E7A4F7556}") = "EUDBLD_HFT_2023241.Repository", "EUDBLD_HFT_2023241.Repository\EUDBLD_HFT_2023241.Repository.csproj", "{B72FF031-31CC-43A7-835D-892650224045}"
EndProject
Project("{9A19103F-16F7-4668-BE54-9A1E7A4F7556}") = "EUDBLD_HFT_2023241.Test", "EUDBLD_HFT_2023241.Test\EUDBLD_HFT_2023241.Test.csproj", "{87CA98CC-3195-4590-A62B-BE603CB7F108}"
EndProject
Project("{2150E333-8FDC-42A3-9474-1A3956D46DE8}") = "Backend", "Backend", "{343CE7FB-F886-4380-8E66-EAD8BAAF0D7E}"
EndProject
Project("{2150E333-8FDC-42A3-9474-1A3956D46DE8}") = "Frontend", "Frontend", "{84DD213B-C768-42E2-8532-987EA6CC92F4}"
EndProject
Project("{2150E333-8FDC-42A3-9474-1A3956D46DE8}") = "Shared", "Shared", "{9A334B31-EA80-425D-B73C-DFF290FB01E3}"
EndProject
Project("{2150E333-8FDC-42A3-9474-1A3956D46DE8}") = "Others", "Others", "{3E0CFF6B-5B86-4E28-9541-5D95A2A3DA8E}"
EndProject
Project("{FAE04EC0-301F-11D3-BF4B-00C04F79EFBC}") = "EUDBLD_HFT_2023241.Endpoint", "EUDBLD_HFT_2023241.Endpoint\EUDBLD_HFT_2023241.Endpoint.csproj", "{FBB0C19F-1366-465D-8B2F-290C53828058}"
EndProject
Global
	GlobalSection(SolutionConfigurationPlatforms) = preSolution
		Debug|Any CPU = Debug|Any CPU
		Release|Any CPU = Release|Any CPU
	EndGlobalSection
	GlobalSection(ProjectConfigurationPlatforms) = postSolution
		{ABF08B65-BA9F-4F77-BFF8-7BE302A78B65}.Debug|Any CPU.ActiveCfg = Debug|Any CPU
		{ABF08B65-BA9F-4F77-BFF8-7BE302A78B65}.Debug|Any CPU.Build.0 = Debug|Any CPU
		{ABF08B65-BA9F-4F77-BFF8-7BE302A78B65}.Release|Any CPU.ActiveCfg = Release|Any CPU
		{ABF08B65-BA9F-4F77-BFF8-7BE302A78B65}.Release|Any CPU.Build.0 = Release|Any CPU
		{03EA3795-3AAA-4F74-8A08-55378481DBFE}.Debug|Any CPU.ActiveCfg = Debug|Any CPU
		{03EA3795-3AAA-4F74-8A08-55378481DBFE}.Debug|Any CPU.Build.0 = Debug|Any CPU
		{03EA3795-3AAA-4F74-8A08-55378481DBFE}.Release|Any CPU.ActiveCfg = Release|Any CPU
		{03EA3795-3AAA-4F74-8A08-55378481DBFE}.Release|Any CPU.Build.0 = Release|Any CPU
		{99A2AEF2-299F-48C5-B93F-DBEE82466744}.Debug|Any CPU.ActiveCfg = Debug|Any CPU
		{99A2AEF2-299F-48C5-B93F-DBEE82466744}.Debug|Any CPU.Build.0 = Debug|Any CPU
		{99A2AEF2-299F-48C5-B93F-DBEE82466744}.Release|Any CPU.ActiveCfg = Release|Any CPU
		{99A2AEF2-299F-48C5-B93F-DBEE82466744}.Release|Any CPU.Build.0 = Release|Any CPU
		{B72FF031-31CC-43A7-835D-892650224045}.Debug|Any CPU.ActiveCfg = Debug|Any CPU
		{B72FF031-31CC-43A7-835D-892650224045}.Debug|Any CPU.Build.0 = Debug|Any CPU
		{B72FF031-31CC-43A7-835D-892650224045}.Release|Any CPU.ActiveCfg = Release|Any CPU
		{B72FF031-31CC-43A7-835D-892650224045}.Release|Any CPU.Build.0 = Release|Any CPU
		{87CA98CC-3195-4590-A62B-BE603CB7F108}.Debug|Any CPU.ActiveCfg = Debug|Any CPU
		{87CA98CC-3195-4590-A62B-BE603CB7F108}.Debug|Any CPU.Build.0 = Debug|Any CPU
		{87CA98CC-3195-4590-A62B-BE603CB7F108}.Release|Any CPU.ActiveCfg = Release|Any CPU
		{87CA98CC-3195-4590-A62B-BE603CB7F108}.Release|Any CPU.Build.0 = Release|Any CPU
		{FBB0C19F-1366-465D-8B2F-290C53828058}.Debug|Any CPU.ActiveCfg = Debug|Any CPU
		{FBB0C19F-1366-465D-8B2F-290C53828058}.Debug|Any CPU.Build.0 = Debug|Any CPU
		{FBB0C19F-1366-465D-8B2F-290C53828058}.Release|Any CPU.ActiveCfg = Release|Any CPU
		{FBB0C19F-1366-465D-8B2F-290C53828058}.Release|Any CPU.Build.0 = Release|Any CPU
	EndGlobalSection
	GlobalSection(SolutionProperties) = preSolution
		HideSolutionNode = FALSE
	EndGlobalSection
	GlobalSection(NestedProjects) = preSolution
		{ABF08B65-BA9F-4F77-BFF8-7BE302A78B65} = {84DD213B-C768-42E2-8532-987EA6CC92F4}
		{03EA3795-3AAA-4F74-8A08-55378481DBFE} = {9A334B31-EA80-425D-B73C-DFF290FB01E3}
		{99A2AEF2-299F-48C5-B93F-DBEE82466744} = {343CE7FB-F886-4380-8E66-EAD8BAAF0D7E}
		{B72FF031-31CC-43A7-835D-892650224045} = {343CE7FB-F886-4380-8E66-EAD8BAAF0D7E}
		{87CA98CC-3195-4590-A62B-BE603CB7F108} = {343CE7FB-F886-4380-8E66-EAD8BAAF0D7E}
		{FBB0C19F-1366-465D-8B2F-290C53828058} = {343CE7FB-F886-4380-8E66-EAD8BAAF0D7E}
	EndGlobalSection
	GlobalSection(ExtensibilityGlobals) = postSolution
		SolutionGuid = {CD5CA219-589C-42C5-B9D3-AFEC04EF0BBA}
	EndGlobalSection
EndGlobal
